{
    "name": "@cdmx/wappler_ac_ag_chart",
    "version": "0.1.7",
    "lockfileVersion": 2,
    "requires": true,
    "packages": {
        "": {
            "name": "@cdmx/wappler_ac_ag_chart",
            "version": "0.1.7",
            "license": "MIT",
            "dependencies": {
                "ag-charts-community": "8.2.x"
            }
        },
        "node_modules/ag-charts-community": {
            "version": "8.2.0",
            "resolved": "https://registry.npmjs.org/ag-charts-community/-/ag-charts-community-8.2.0.tgz",
            "integrity": "sha512-qWguvGWP0F8Bomox5PSB8TR50yzWFazEJt+wG0wrk3PXV625OeUed+ncQEPyNlRrSidfq2oBI1uPQ9UaNrjUwQ=="
        }
    },
    "dependencies": {
        "ag-charts-community": {
            "version": "8.2.0",
            "resolved": "https://registry.npmjs.org/ag-charts-community/-/ag-charts-community-8.2.0.tgz",
            "integrity": "sha512-qWguvGWP0F8Bomox5PSB8TR50yzWFazEJt+wG0wrk3PXV625OeUed+ncQEPyNlRrSidfq2oBI1uPQ9UaNrjUwQ=="
        }
    }
}
