{
    "name": "@cdmx/wappler_ac_ag_chart",
    "version": "0.0.7",
    "lockfileVersion": 2,
    "requires": true,
    "packages": {
        "": {
            "name": "@cdmx/wappler_ac_ag_chart",
            "version": "0.0.7",
            "license": "MIT",
            "dependencies": {
                "ag-charts-community": "^8.0.6"
            }
        },
        "node_modules/ag-charts-community": {
            "version": "8.0.6",
            "resolved": "https://registry.npmjs.org/ag-charts-community/-/ag-charts-community-8.0.6.tgz",
            "integrity": "sha512-dn27iXFoDlDl5oMeRk2426kGpl+BxAwd17btzJKRcYXHLOPK5pYFm06oYXhY542Ncbtvj3b4rbKHUMhnPEWySQ=="
        }
    },
    "dependencies": {
        "ag-charts-community": {
            "version": "8.0.6",
            "resolved": "https://registry.npmjs.org/ag-charts-community/-/ag-charts-community-8.0.6.tgz",
            "integrity": "sha512-dn27iXFoDlDl5oMeRk2426kGpl+BxAwd17btzJKRcYXHLOPK5pYFm06oYXhY542Ncbtvj3b4rbKHUMhnPEWySQ=="
        }
    }
}
