{
    "name": "@cdmx/wappler_ac_ag_chart",
    "version": "0.2.4",
    "lockfileVersion": 2,
    "requires": true,
    "packages": {
        "": {
            "name": "@cdmx/wappler_ac_ag_chart",
            "version": "0.2.4",
            "license": "MIT",
            "dependencies": {
                "ag-charts-community": "9.2.x"
            }
        },
        "node_modules/ag-charts-community": {
            "version": "9.2.0",
            "resolved": "https://registry.npmjs.org/ag-charts-community/-/ag-charts-community-9.2.0.tgz",
            "integrity": "sha512-dS5nPExh81owIIdyHli0TvWvSyhmZy2RncM/s3/KXpjAf3eiVN2fxfT2z+QxqsLyoms+fernp5cAuSju0peYXw=="
        }
    },
    "dependencies": {
        "ag-charts-community": {
            "version": "9.2.0",
            "resolved": "https://registry.npmjs.org/ag-charts-community/-/ag-charts-community-9.2.0.tgz",
            "integrity": "sha512-dS5nPExh81owIIdyHli0TvWvSyhmZy2RncM/s3/KXpjAf3eiVN2fxfT2z+QxqsLyoms+fernp5cAuSju0peYXw=="
        }
    }
}
